// !$*UTF8*$!
{
	archiveVersion = 1;
	classes = {
	};
	objectVersion = 46;
	objects = {

/* Begin PBXBuildFile section */
		668C236D188CB962000644C8 /* Foundation.framework in Frameworks */ = {isa = PBXBuildFile; fileRef = 668C236C188CB962000644C8 /* Foundation.framework */; };
		668C236F188CB962000644C8 /* CoreGraphics.framework in Frameworks */ = {isa = PBXBuildFile; fileRef = 668C236E188CB962000644C8 /* CoreGraphics.framework */; };
		668C2371188CB962000644C8 /* UIKit.framework in Frameworks */ = {isa = PBXBuildFile; fileRef = 668C2370188CB962000644C8 /* UIKit.framework */; };
		668C2377188CB962000644C8 /* InfoPlist.strings in Resources */ = {isa = PBXBuildFile; fileRef = 668C2375188CB962000644C8 /* InfoPlist.strings */; };
		668C2379188CB962000644C8 /* main.m in Sources */ = {isa = PBXBuildFile; fileRef = 668C2378188CB962000644C8 /* main.m */; };
		668C237D188CB962000644C8 /* AppDelegate.m in Sources */ = {isa = PBXBuildFile; fileRef = 668C237C188CB962000644C8 /* AppDelegate.m */; };
		668C2380188CB962000644C8 /* Main_iPhone.storyboard in Resources */ = {isa = PBXBuildFile; fileRef = 668C237E188CB962000644C8 /* Main_iPhone.storyboard */; };
		668C2383188CB962000644C8 /* Main_iPad.storyboard in Resources */ = {isa = PBXBuildFile; fileRef = 668C2381188CB962000644C8 /* Main_iPad.storyboard */; };
		668C2386188CB962000644C8 /* ViewController.m in Sources */ = {isa = PBXBuildFile; fileRef = 668C2385188CB962000644C8 /* ViewController.m */; };
		668C2388188CB962000644C8 /* Images.xcassets in Resources */ = {isa = PBXBuildFile; fileRef = 668C2387188CB962000644C8 /* Images.xcassets */; };
		668C238F188CB962000644C8 /* XCTest.framework in Frameworks */ = {isa = PBXBuildFile; fileRef = 668C238E188CB962000644C8 /* XCTest.framework */; };
		668C2390188CB962000644C8 /* Foundation.framework in Frameworks */ = {isa = PBXBuildFile; fileRef = 668C236C188CB962000644C8 /* Foundation.framework */; };
		668C2391188CB962000644C8 /* UIKit.framework in Frameworks */ = {isa = PBXBuildFile; fileRef = 668C2370188CB962000644C8 /* UIKit.framework */; };
		668C2399188CB962000644C8 /* InfoPlist.strings in Resources */ = {isa = PBXBuildFile; fileRef = 668C2397188CB962000644C8 /* InfoPlist.strings */; };
		668C239B188CB962000644C8 /* MW3bTests.m in Sources */ = {isa = PBXBuildFile; fileRef = 668C239A188CB962000644C8 /* MW3bTests.m */; };
/* End PBXBuildFile section */

/* Begin PBXContainerItemProxy section */
		668C2392188CB962000644C8 /* PBXContainerItemProxy */ = {
			isa = PBXContainerItemProxy;
			containerPortal = 668C2361188CB961000644C8 /* Project object */;
			proxyType = 1;
			remoteGlobalIDString = 668C2368188CB962000644C8;
			remoteInfo = MW3b;
		};
/* End PBXContainerItemProxy section */

/* Begin PBXFileReference section */
		668C2369188CB962000644C8 /* MW3b.app */ = {isa = PBXFileReference; explicitFileType = wrapper.application; includeInIndex = 0; path = MW3b.app; sourceTree = BUILT_PRODUCTS_DIR; };
		668C236C188CB962000644C8 /* Foundation.framework */ = {isa = PBXFileReference; lastKnownFileType = wrapper.framework; name = Foundation.framework; path = System/Library/Frameworks/Foundation.framework; sourceTree = SDKROOT; };
		668C236E188CB962000644C8 /* CoreGraphics.framework */ = {isa = PBXFileReference; lastKnownFileType = wrapper.framework; name = CoreGraphics.framework; path = System/Library/Frameworks/CoreGraphics.framework; sourceTree = SDKROOT; };
		668C2370188CB962000644C8 /* UIKit.framework */ = {isa = PBXFileReference; lastKnownFileType = wrapper.framework; name = UIKit.framework; path = System/Library/Frameworks/UIKit.framework; sourceTree = SDKROOT; };
		668C2374188CB962000644C8 /* MW3b-Info.plist */ = {isa = PBXFileReference; lastKnownFileType = text.plist.xml; path = "MW3b-Info.plist"; sourceTree = "<group>"; };
		668C2376188CB962000644C8 /* en */ = {isa = PBXFileReference; lastKnownFileType = text.plist.strings; name = en; path = en.lproj/InfoPlist.strings; sourceTree = "<group>"; };
		668C2378188CB962000644C8 /* main.m */ = {isa = PBXFileReference; lastKnownFileType = sourcecode.c.objc; path = main.m; sourceTree = "<group>"; };
		668C237A188CB962000644C8 /* MW3b-Prefix.pch */ = {isa = PBXFileReference; lastKnownFileType = sourcecode.c.h; path = "MW3b-Prefix.pch"; sourceTree = "<group>"; };
		668C237B188CB962000644C8 /* AppDelegate.h */ = {isa = PBXFileReference; lastKnownFileType = sourcecode.c.h; path = AppDelegate.h; sourceTree = "<group>"; };
		668C237C188CB962000644C8 /* AppDelegate.m */ = {isa = PBXFileReference; lastKnownFileType = sourcecode.c.objc; path = AppDelegate.m; sourceTree = "<group>"; };
		668C237F188CB962000644C8 /* Base */ = {isa = PBXFileReference; lastKnownFileType = file.storyboard; name = Base; path = Base.lproj/Main_iPhone.storyboard; sourceTree = "<group>"; };
		668C2382188CB962000644C8 /* Base */ = {isa = PBXFileReference; lastKnownFileType = file.storyboard; name = Base; path = Base.lproj/Main_iPad.storyboard; sourceTree = "<group>"; };
		668C2384188CB962000644C8 /* ViewController.h */ = {isa = PBXFileReference; lastKnownFileType = sourcecode.c.h; path = ViewController.h; sourceTree = "<group>"; };
		668C2385188CB962000644C8 /* ViewController.m */ = {isa = PBXFileReference; lastKnownFileType = sourcecode.c.objc; path = ViewController.m; sourceTree = "<group>"; };
		668C2387188CB962000644C8 /* Images.xcassets */ = {isa = PBXFileReference; lastKnownFileType = folder.assetcatalog; path = Images.xcassets; sourceTree = "<group>"; };
		668C238D188CB962000644C8 /* MW3bTests.xctest */ = {isa = PBXFileReference; explicitFileType = wrapper.cfbundle; includeInIndex = 0; path = MW3bTests.xctest; sourceTree = BUILT_PRODUCTS_DIR; };
		668C238E188CB962000644C8 /* XCTest.framework */ = {isa = PBXFileReference; lastKnownFileType = wrapper.framework; name = XCTest.framework; path = Library/Frameworks/XCTest.framework; sourceTree = DEVELOPER_DIR; };
		668C2396188CB962000644C8 /* MW3bTests-Info.plist */ = {isa = PBXFileReference; lastKnownFileType = text.plist.xml; path = "MW3bTests-Info.plist"; sourceTree = "<group>"; };
		668C2398188CB962000644C8 /* en */ = {isa = PBXFileReference; lastKnownFileType = text.plist.strings; name = en; path = en.lproj/InfoPlist.strings; sourceTree = "<group>"; };
		668C239A188CB962000644C8 /* MW3bTests.m */ = {isa = PBXFileReference; lastKnownFileType = sourcecode.c.objc; path = MW3bTests.m; sourceTree = "<group>"; };
/* End PBXFileReference section */

/* Begin PBXFrameworksBuildPhase section */
		668C2366188CB962000644C8 /* Frameworks */ = {
			isa = PBXFrameworksBuildPhase;
			buildActionMask = 2147483647;
			files = (
				668C236F188CB962000644C8 /* CoreGraphics.framework in Frameworks */,
				668C2371188CB962000644C8 /* UIKit.framework in Frameworks */,
				668C236D188CB962000644C8 /* Foundation.framework in Frameworks */,
			);
			runOnlyForDeploymentPostprocessing = 0;
		};
		668C238A188CB962000644C8 /* Frameworks */ = {
			isa = PBXFrameworksBuildPhase;
			buildActionMask = 2147483647;
			files = (
				668C238F188CB962000644C8 /* XCTest.framework in Frameworks */,
				668C2391188CB962000644C8 /* UIKit.framework in Frameworks */,
				668C2390188CB962000644C8 /* Foundation.framework in Frameworks */,
			);
			runOnlyForDeploymentPostprocessing = 0;
		};
/* End PBXFrameworksBuildPhase section */

/* Begin PBXGroup section */
		668C2360188CB961000644C8 = {
			isa = PBXGroup;
			children = (
				668C2372188CB962000644C8 /* MW3b */,
				668C2394188CB962000644C8 /* MW3bTests */,
				668C236B188CB962000644C8 /* Frameworks */,
				668C236A188CB962000644C8 /* Products */,
			);
			sourceTree = "<group>";
		};
		668C236A188CB962000644C8 /* Products */ = {
			isa = PBXGroup;
			children = (
				668C2369188CB962000644C8 /* MW3b.app */,
				668C238D188CB962000644C8 /* MW3bTests.xctest */,
			);
			name = Products;
			sourceTree = "<group>";
		};
		668C236B188CB962000644C8 /* Frameworks */ = {
			isa = PBXGroup;
			children = (
				668C236C188CB962000644C8 /* Foundation.framework */,
				668C236E188CB962000644C8 /* CoreGraphics.framework */,
				668C2370188CB962000644C8 /* UIKit.framework */,
				668C238E188CB962000644C8 /* XCTest.framework */,
			);
			name = Frameworks;
			sourceTree = "<group>";
		};
		668C2372188CB962000644C8 /* MW3b */ = {
			isa = PBXGroup;
			children = (
				668C237B188CB962000644C8 /* AppDelegate.h */,
				668C237C188CB962000644C8 /* AppDelegate.m */,
				668C237E188CB962000644C8 /* Main_iPhone.storyboard */,
				668C2381188CB962000644C8 /* Main_iPad.storyboard */,
				668C2384188CB962000644C8 /* ViewController.h */,
				668C2385188CB962000644C8 /* ViewController.m */,
				668C2387188CB962000644C8 /* Images.xcassets */,
				668C2373188CB962000644C8 /* Supporting Files */,
			);
			path = MW3b;
			sourceTree = "<group>";
		};
		668C2373188CB962000644C8 /* Supporting Files */ = {
			isa = PBXGroup;
			children = (
				668C2374188CB962000644C8 /* MW3b-Info.plist */,
				668C2375188CB962000644C8 /* InfoPlist.strings */,
				668C2378188CB962000644C8 /* main.m */,
				668C237A188CB962000644C8 /* MW3b-Prefix.pch */,
			);
			name = "Supporting Files";
			sourceTree = "<group>";
		};
		668C2394188CB962000644C8 /* MW3bTests */ = {
			isa = PBXGroup;
			children = (
				668C239A188CB962000644C8 /* MW3bTests.m */,
				668C2395188CB962000644C8 /* Supporting Files */,
			);
			path = MW3bTests;
			sourceTree = "<group>";
		};
		668C2395188CB962000644C8 /* Supporting Files */ = {
			isa = PBXGroup;
			children = (
				668C2396188CB962000644C8 /* MW3bTests-Info.plist */,
				668C2397188CB962000644C8 /* InfoPlist.strings */,
			);
			name = "Supporting Files";
			sourceTree = "<group>";
		};
/* End PBXGroup section */

/* Begin PBXNativeTarget section */
		668C2368188CB962000644C8 /* MW3b */ = {
			isa = PBXNativeTarget;
			buildConfigurationList = 668C239E188CB962000644C8 /* Build configuration list for PBXNativeTarget "MW3b" */;
			buildPhases = (
				668C2365188CB962000644C8 /* Sources */,
				668C2366188CB962000644C8 /* Frameworks */,
				668C2367188CB962000644C8 /* Resources */,
			);
			buildRules = (
			);
			dependencies = (
			);
			name = MW3b;
			productName = MW3b;
			productReference = 668C2369188CB962000644C8 /* MW3b.app */;
			productType = "com.apple.product-type.application";
		};
		668C238C188CB962000644C8 /* MW3bTests */ = {
			isa = PBXNativeTarget;
			buildConfigurationList = 668C23A1188CB962000644C8 /* Build configuration list for PBXNativeTarget "MW3bTests" */;
			buildPhases = (
				668C2389188CB962000644C8 /* Sources */,
				668C238A188CB962000644C8 /* Frameworks */,
				668C238B188CB962000644C8 /* Resources */,
			);
			buildRules = (
			);
			dependencies = (
				668C2393188CB962000644C8 /* PBXTargetDependency */,
			);
			name = MW3bTests;
			productName = MW3bTests;
			productReference = 668C238D188CB962000644C8 /* MW3bTests.xctest */;
			productType = "com.apple.product-type.bundle.unit-test";
		};
/* End PBXNativeTarget section */

/* Begin PBXProject section */
		668C2361188CB961000644C8 /* Project object */ = {
			isa = PBXProject;
			attributes = {
				LastUpgradeCheck = 0500;
				ORGANIZATIONNAME = Dato;
				TargetAttributes = {
					668C238C188CB962000644C8 = {
						TestTargetID = 668C2368188CB962000644C8;
					};
				};
			};
			buildConfigurationList = 668C2364188CB961000644C8 /* Build configuration list for PBXProject "MW3b" */;
			compatibilityVersion = "Xcode 3.2";
			developmentRegion = English;
			hasScannedForEncodings = 0;
			knownRegions = (
				en,
				Base,
			);
			mainGroup = 668C2360188CB961000644C8;
			productRefGroup = 668C236A188CB962000644C8 /* Products */;
			projectDirPath = "";
			projectRoot = "";
			targets = (
				668C2368188CB962000644C8 /* MW3b */,
				668C238C188CB962000644C8 /* MW3bTests */,
			);
		};
/* End PBXProject section */

/* Begin PBXResourcesBuildPhase section */
		668C2367188CB962000644C8 /* Resources */ = {
			isa = PBXResourcesBuildPhase;
			buildActionMask = 2147483647;
			files = (
				668C2383188CB962000644C8 /* Main_iPad.storyboard in Resources */,
				668C2388188CB962000644C8 /* Images.xcassets in Resources */,
				668C2380188CB962000644C8 /* Main_iPhone.storyboard in Resources */,
				668C2377188CB962000644C8 /* InfoPlist.strings in Resources */,
			);
			runOnlyForDeploymentPostprocessing = 0;
		};
		668C238B188CB962000644C8 /* Resources */ = {
			isa = PBXResourcesBuildPhase;
			buildActionMask = 2147483647;
			files = (
				668C2399188CB962000644C8 /* InfoPlist.strings in Resources */,
			);
			runOnlyForDeploymentPostprocessing = 0;
		};
/* End PBXResourcesBuildPhase section */

/* Begin PBXSourcesBuildPhase section */
		668C2365188CB962000644C8 /* Sources */ = {
			isa = PBXSourcesBuildPhase;
			buildActionMask = 2147483647;
			files = (
				668C2386188CB962000644C8 /* ViewController.m in Sources */,
				668C237D188CB962000644C8 /* AppDelegate.m in Sources */,
				668C2379188CB962000644C8 /* main.m in Sources */,
			);
			runOnlyForDeploymentPostprocessing = 0;
		};
		668C2389188CB962000644C8 /* Sources */ = {
			isa = PBXSourcesBuildPhase;
			buildActionMask = 2147483647;
			files = (
				668C239B188CB962000644C8 /* MW3bTests.m in Sources */,
			);
			runOnlyForDeploymentPostprocessing = 0;
		};
/* End PBXSourcesBuildPhase section */

/* Begin PBXTargetDependency section */
		668C2393188CB962000644C8 /* PBXTargetDependency */ = {
			isa = PBXTargetDependency;
			target = 668C2368188CB962000644C8 /* MW3b */;
			targetProxy = 668C2392188CB962000644C8 /* PBXContainerItemProxy */;
		};
/* End PBXTargetDependency section */

/* Begin PBXVariantGroup section */
		668C2375188CB962000644C8 /* InfoPlist.strings */ = {
			isa = PBXVariantGroup;
			children = (
				668C2376188CB962000644C8 /* en */,
			);
			name = InfoPlist.strings;
			sourceTree = "<group>";
		};
		668C237E188CB962000644C8 /* Main_iPhone.storyboard */ = {
			isa = PBXVariantGroup;
			children = (
				668C237F188CB962000644C8 /* Base */,
			);
			name = Main_iPhone.storyboard;
			sourceTree = "<group>";
		};
		668C2381188CB962000644C8 /* Main_iPad.storyboard */ = {
			isa = PBXVariantGroup;
			children = (
				668C2382188CB962000644C8 /* Base */,
			);
			name = Main_iPad.storyboard;
			sourceTree = "<group>";
		};
		668C2397188CB962000644C8 /* InfoPlist.strings */ = {
			isa = PBXVariantGroup;
			children = (
				668C2398188CB962000644C8 /* en */,
			);
			name = InfoPlist.strings;
			sourceTree = "<group>";
		};
/* End PBXVariantGroup section */

/* Begin XCBuildConfiguration section */
		668C239C188CB962000644C8 /* Debug */ = {
			isa = XCBuildConfiguration;
			buildSettings = {
				ALWAYS_SEARCH_USER_PATHS = NO;
				ARCHS = "$(ARCHS_STANDARD_INCLUDING_64_BIT)";
				CLANG_CXX_LANGUAGE_STANDARD = "gnu++0x";
				CLANG_CXX_LIBRARY = "libc++";
				CLANG_ENABLE_MODULES = YES;
				CLANG_ENABLE_OBJC_ARC = YES;
				CLANG_WARN_BOOL_CONVERSION = YES;
				CLANG_WARN_CONSTANT_CONVERSION = YES;
				CLANG_WARN_DIRECT_OBJC_ISA_USAGE = YES_ERROR;
				CLANG_WARN_EMPTY_BODY = YES;
				CLANG_WARN_ENUM_CONVERSION = YES;
				CLANG_WARN_INT_CONVERSION = YES;
				CLANG_WARN_OBJC_ROOT_CLASS = YES_ERROR;
				CLANG_WARN__DUPLICATE_METHOD_MATCH = YES;
				"CODE_SIGN_IDENTITY[sdk=iphoneos*]" = "iPhone Developer";
				COPY_PHASE_STRIP = NO;
				GCC_C_LANGUAGE_STANDARD = gnu99;
				GCC_DYNAMIC_NO_PIC = NO;
				GCC_OPTIMIZATION_LEVEL = 0;
				GCC_PREPROCESSOR_DEFINITIONS = (
					"DEBUG=1",
					"$(inherited)",
				);
				GCC_SYMBOLS_PRIVATE_EXTERN = NO;
				GCC_WARN_64_TO_32_BIT_CONVERSION = YES;
				GCC_WARN_ABOUT_RETURN_TYPE = YES_ERROR;
				GCC_WARN_UNDECLARED_SELECTOR = YES;
				GCC_WARN_UNINITIALIZED_AUTOS = YES;
				GCC_WARN_UNUSED_FUNCTION = YES;
				GCC_WARN_UNUSED_VARIABLE = YES;
				IPHONEOS_DEPLOYMENT_TARGET = 7.0;
				ONLY_ACTIVE_ARCH = YES;
				SDKROOT = iphoneos;
				TARGETED_DEVICE_FAMILY = "1,2";
			};
			name = Debug;
		};
		668C239D188CB962000644C8 /* Release */ = {
			isa = XCBuildConfiguration;
			buildSettings = {
				ALWAYS_SEARCH_USER_PATHS = NO;
				ARCHS = "$(ARCHS_STANDARD_INCLUDING_64_BIT)";
				CLANG_CXX_LANGUAGE_STANDARD = "gnu++0x";
				CLANG_CXX_LIBRARY = "libc++";
				CLANG_ENABLE_MODULES = YES;
				CLANG_ENABLE_OBJC_ARC = YES;
				CLANG_WARN_BOOL_CONVERSION = YES;
				CLANG_WARN_CONSTANT_CONVERSION = YES;
				CLANG_WARN_DIRECT_OBJC_ISA_USAGE = YES_ERROR;
				CLANG_WARN_EMPTY_BODY = YES;
				CLANG_WARN_ENUM_CONVERSION = YES;
				CLANG_WARN_INT_CONVERSION = YES;
				CLANG_WARN_OBJC_ROOT_CLASS = YES_ERROR;
				CLANG_WARN__DUPLICATE_METHOD_MATCH = YES;
				"CODE_SIGN_IDENTITY[sdk=iphoneos*]" = "iPhone Developer";
				COPY_PHASE_STRIP = YES;
				ENABLE_NS_ASSERTIONS = NO;
				GCC_C_LANGUAGE_STANDARD = gnu99;
				GCC_WARN_64_TO_32_BIT_CONVERSION = YES;
				GCC_WARN_ABOUT_RETURN_TYPE = YES_ERROR;
				GCC_WARN_UNDECLARED_SELECTOR = YES;
				GCC_WARN_UNINITIALIZED_AUTOS = YES;
				GCC_WARN_UNUSED_FUNCTION = YES;
				GCC_WARN_UNUSED_VARIABLE = YES;
				IPHONEOS_DEPLOYMENT_TARGET = 7.0;
				SDKROOT = iphoneos;
				TARGETED_DEVICE_FAMILY = "1,2";
				VALIDATE_PRODUCT = YES;
			};
			name = Release;
		};
		668C239F188CB962000644C8 /* Debug */ = {
			isa = XCBuildConfiguration;
			buildSettings = {
				ASSETCATALOG_COMPILER_APPICON_NAME = AppIcon;
				ASSETCATALOG_COMPILER_LAUNCHIMAGE_NAME = LaunchImage;
				GCC_PRECOMPILE_PREFIX_HEADER = YES;
				GCC_PREFIX_HEADER = "MW3b/MW3b-Prefix.pch";
				INFOPLIST_FILE = "MW3b/MW3b-Info.plist";
				PRODUCT_NAME = "$(TARGET_NAME)";
				WRAPPER_EXTENSION = app;
			};
			name = Debug;
		};
		668C23A0188CB962000644C8 /* Release */ = {
			isa = XCBuildConfiguration;
			buildSettings = {
				ASSETCATALOG_COMPILER_APPICON_NAME = AppIcon;
				ASSETCATALOG_COMPILER_LAUNCHIMAGE_NAME = LaunchImage;
				GCC_PRECOMPILE_PREFIX_HEADER = YES;
				GCC_PREFIX_HEADER = "MW3b/MW3b-Prefix.pch";
				INFOPLIST_FILE = "MW3b/MW3b-Info.plist";
				PRODUCT_NAME = "$(TARGET_NAME)";
				WRAPPER_EXTENSION = app;
			};
			name = Release;
		};
		668C23A2188CB962000644C8 /* Debug */ = {
			isa = XCBuildConfiguration;
			buildSettings = {
				ARCHS = "$(ARCHS_STANDARD_INCLUDING_64_BIT)";
				BUNDLE_LOADER = "$(BUILT_PRODUCTS_DIR)/MW3b.app/MW3b";
				FRAMEWORK_SEARCH_PATHS = (
					"$(SDKROOT)/Developer/Library/Frameworks",
					"$(inherited)",
					"$(DEVELOPER_FRAMEWORKS_DIR)",
				);
				GCC_PRECOMPILE_PREFIX_HEADER = YES;
				GCC_PREFIX_HEADER = "MW3b/MW3b-Prefix.pch";
				GCC_PREPROCESSOR_DEFINITIONS = (
					"DEBUG=1",
					"$(inherited)",
				);
				INFOPLIST_FILE = "MW3bTests/MW3bTests-Info.plist";
				PRODUCT_NAME = "$(TARGET_NAME)";
				TEST_HOST = "$(BUNDLE_LOADER)";
				WRAPPER_EXTENSION = xctest;
			};
			name = Debug;
		};
		668C23A3188CB962000644C8 /* Release */ = {
			isa = XCBuildConfiguration;
			buildSettings = {
				ARCHS = "$(ARCHS_STANDARD_INCLUDING_64_BIT)";
				BUNDLE_LOADER = "$(BUILT_PRODUCTS_DIR)/MW3b.app/MW3b";
				FRAMEWORK_SEARCH_PATHS = (
					"$(SDKROOT)/Developer/Library/Frameworks",
					"$(inherited)",
					"$(DEVELOPER_FRAMEWORKS_DIR)",
				);
				GCC_PRECOMPILE_PREFIX_HEADER = YES;
				GCC_PREFIX_HEADER = "MW3b/MW3b-Prefix.pch";
				INFOPLIST_FILE = "MW3bTests/MW3bTests-Info.plist";
				PRODUCT_NAME = "$(TARGET_NAME)";
				TEST_HOST = "$(BUNDLE_LOADER)";
				WRAPPER_EXTENSION = xctest;
			};
			name = Release;
		};
/* End XCBuildConfiguration section */

/* Begin XCConfigurationList section */
		668C2364188CB961000644C8 /* Build configuration list for PBXProject "MW3b" */ = {
			isa = XCConfigurationList;
			buildConfigurations = (
				668C239C188CB962000644C8 /* Debug */,
				668C239D188CB962000644C8 /* Release */,
			);
			defaultConfigurationIsVisible = 0;
			defaultConfigurationName = Release;
		};
		668C239E188CB962000644C8 /* Build configuration list for PBXNativeTarget "MW3b" */ = {
			isa = XCConfigurationList;
			buildConfigurations = (
				668C239F188CB962000644C8 /* Debug */,
				668C23A0188CB962000644C8 /* Release */,
			);
			defaultConfigurationIsVisible = 0;
		};
		668C23A1188CB962000644C8 /* Build configuration list for PBXNativeTarget "MW3bTests" */ = {
			isa = XCConfigurationList;
			buildConfigurations = (
				668C23A2188CB962000644C8 /* Debug */,
				668C23A3188CB962000644C8 /* Release */,
			);
			defaultConfigurationIsVisible = 0;
		};
/* End XCConfigurationList section */
	};
	rootObject = 668C2361188CB961000644C8 /* Project object */;
}
